
Microsoft Visual Studio Solution File, Format Version 12.00
# Visual Studio 15
VisualStudioVersion = 15.0.28307.421
MinimumVisualStudioVersion = 10.0.40219.1
Project("{9A19103F-16F7-4668-BE54-9A1E7A4F7556}") = "LambdaForums", "LambdaForums\LambdaForums.csproj", "{051544BE-3F92-4CC6-BD94-9A64AA59E9E6}"
EndProject
Project("{9A19103F-16F7-4668-BE54-9A1E7A4F7556}") = "LambdaForums.Data", "LambdaForums.Data\LambdaForums.Data.csproj", "{5A536184-BB3F-4F97-AFC9-55A38B1E05AD}"
EndProject
Project("{FAE04EC0-301F-11D3-BF4B-00C04F79EFBC}") = "LambdaForums.Service", "LambdaForums.Service\LambdaForums.Service.csproj", "{DCE90142-C37C-4E6A-84A3-21D6ED6D0410}"
EndProject
Global
	GlobalSection(SolutionConfigurationPlatforms) = preSolution
		Debug|Any CPU = Debug|Any CPU
		Release|Any CPU = Release|Any CPU
	EndGlobalSection
	GlobalSection(ProjectConfigurationPlatforms) = postSolution
		{051544BE-3F92-4CC6-BD94-9A64AA59E9E6}.Debug|Any CPU.ActiveCfg = Debug|Any CPU
		{051544BE-3F92-4CC6-BD94-9A64AA59E9E6}.Debug|Any CPU.Build.0 = Debug|Any CPU
		{051544BE-3F92-4CC6-BD94-9A64AA59E9E6}.Release|Any CPU.ActiveCfg = Release|Any CPU
		{051544BE-3F92-4CC6-BD94-9A64AA59E9E6}.Release|Any CPU.Build.0 = Release|Any CPU
		{5A536184-BB3F-4F97-AFC9-55A38B1E05AD}.Debug|Any CPU.ActiveCfg = Debug|Any CPU
		{5A536184-BB3F-4F97-AFC9-55A38B1E05AD}.Debug|Any CPU.Build.0 = Debug|Any CPU
		{5A536184-BB3F-4F97-AFC9-55A38B1E05AD}.Release|Any CPU.ActiveCfg = Release|Any CPU
		{5A536184-BB3F-4F97-AFC9-55A38B1E05AD}.Release|Any CPU.Build.0 = Release|Any CPU
		{DCE90142-C37C-4E6A-84A3-21D6ED6D0410}.Debug|Any CPU.ActiveCfg = Debug|Any CPU
		{DCE90142-C37C-4E6A-84A3-21D6ED6D0410}.Debug|Any CPU.Build.0 = Debug|Any CPU
		{DCE90142-C37C-4E6A-84A3-21D6ED6D0410}.Release|Any CPU.ActiveCfg = Release|Any CPU
		{DCE90142-C37C-4E6A-84A3-21D6ED6D0410}.Release|Any CPU.Build.0 = Release|Any CPU
	EndGlobalSection
	GlobalSection(SolutionProperties) = preSolution
		HideSolutionNode = FALSE
	EndGlobalSection
	GlobalSection(ExtensibilityGlobals) = postSolution
		SolutionGuid = {E975C8EF-C2A8-4DED-A8B6-AC40A31D95B9}
	EndGlobalSection
EndGlobal
